
Microsoft Visual Studio Solution File, Format Version 12.00
# Visual Studio Version 17
VisualStudioVersion = 17.5.002.0
MinimumVisualStudioVersion = 10.0.40219.1
Project("{9A19103F-16F7-4668-BE54-9A1E7A4F7556}") = "DatabaseSeeder", "DatabaseSeeder.csproj", "{BDF7F204-2A25-423A-8559-F1272D36E81F}"
EndProject
Global
	GlobalSection(SolutionConfigurationPlatforms) = preSolution
		Debug|Any CPU = Debug|Any CPU
		Release|Any CPU = Release|Any CPU
	EndGlobalSection
	GlobalSection(ProjectConfigurationPlatforms) = postSolution
		{BDF7F204-2A25-423A-8559-F1272D36E81F}.Debug|Any CPU.ActiveCfg = Debug|Any CPU
		{BDF7F204-2A25-423A-8559-F1272D36E81F}.Debug|Any CPU.Build.0 = Debug|Any CPU
		{BDF7F204-2A25-423A-8559-F1272D36E81F}.Release|Any CPU.ActiveCfg = Release|Any CPU
		{BDF7F204-2A25-423A-8559-F1272D36E81F}.Release|Any CPU.Build.0 = Release|Any CPU
	EndGlobalSection
	GlobalSection(SolutionProperties) = preSolution
		HideSolutionNode = FALSE
	EndGlobalSection
	GlobalSection(ExtensibilityGlobals) = postSolution
		SolutionGuid = {D5FC8F06-1003-4920-B6C2-90C3B9459116}
	EndGlobalSection
EndGlobal
